{
    "version": 3,
    "terraform_version": "0.11.7",
    "serial": 13,
    "lineage": "ea9825b7-2ab6-e104-f092-ed189aa1a6e7",
    "modules": [
        {
            "path": [
                "root"
            ],
            "outputs": {
                "elb_dns_name": {
                    "sensitive": false,
                    "type": "string",
                    "value": "webappelb-442563239.eu-west-2.elb.amazonaws.com"
                }
            },
            "resources": {
                "aws_autoscaling_group.my_ec2_asg": {
                    "type": "aws_autoscaling_group",
                    "depends_on": [
                        "aws_elb.webappelb",
                        "aws_launch_configuration.my_ec2_asg_lc",
                        "data.aws_availability_zones.all"
                    ],
                    "primary": {
                        "id": "tf-asg-20180913155726059000000002",
                        "attributes": {
                            "arn": "arn:aws:autoscaling:eu-west-2:228426479489:autoScalingGroup:695e9e10-0ca6-473e-a34c-b36b7b7aec68:autoScalingGroupName/tf-asg-20180913155726059000000002",
                            "availability_zones.#": "3",
                            "availability_zones.1501760113": "eu-west-2b",
                            "availability_zones.3230292939": "eu-west-2a",
                            "availability_zones.780417767": "eu-west-2c",
                            "default_cooldown": "300",
                            "desired_capacity": "2",
                            "enabled_metrics.#": "0",
                            "force_delete": "false",
                            "health_check_grace_period": "300",
                            "health_check_type": "ELB",
                            "id": "tf-asg-20180913155726059000000002",
                            "launch_configuration": "terraform-20180913155724193900000001",
                            "launch_template.#": "0",
                            "load_balancers.#": "1",
                            "load_balancers.2202335257": "webappelb",
                            "max_size": "5",
                            "metrics_granularity": "1Minute",
                            "min_size": "2",
                            "name": "tf-asg-20180913155726059000000002",
                            "placement_group": "",
                            "protect_from_scale_in": "false",
                            "service_linked_role_arn": "arn:aws:iam::228426479489:role/aws-service-role/autoscaling.amazonaws.com/AWSServiceRoleForAutoScaling",
                            "suspended_processes.#": "0",
                            "tag.#": "1",
                            "tag.2171333182.key": "Name",
                            "tag.2171333182.propagate_at_launch": "true",
                            "tag.2171333182.value": "asg by terraform",
                            "target_group_arns.#": "0",
                            "termination_policies.#": "0",
                            "vpc_zone_identifier.#": "0",
                            "wait_for_capacity_timeout": "10m"
                        },
                        "meta": {
                            "e2bfb730-ecaa-11e6-8f88-34363bc7c4c0": {
                                "delete": 600000000000
                            }
                        },
                        "tainted": false
                    },
                    "deposed": [],
                    "provider": "provider.aws"
                },
                "aws_elb.webappelb": {
                    "type": "aws_elb",
                    "depends_on": [
                        "aws_security_group.web_app_elb_sg",
                        "data.aws_availability_zones.all"
                    ],
                    "primary": {
                        "id": "webappelb",
                        "attributes": {
                            "access_logs.#": "0",
                            "arn": "arn:aws:elasticloadbalancing:eu-west-2:228426479489:loadbalancer/webappelb",
                            "availability_zones.#": "3",
                            "availability_zones.1501760113": "eu-west-2b",
                            "availability_zones.3230292939": "eu-west-2a",
                            "availability_zones.780417767": "eu-west-2c",
                            "connection_draining": "false",
                            "connection_draining_timeout": "300",
                            "cross_zone_load_balancing": "true",
                            "dns_name": "webappelb-442563239.eu-west-2.elb.amazonaws.com",
                            "health_check.#": "1",
                            "health_check.0.healthy_threshold": "10",
                            "health_check.0.interval": "30",
                            "health_check.0.target": "TCP:80",
                            "health_check.0.timeout": "5",
                            "health_check.0.unhealthy_threshold": "2",
                            "id": "webappelb",
                            "idle_timeout": "60",
                            "instances.#": "2",
                            "instances.1174488544": "i-00b2c63c67c230e27",
                            "instances.2722694037": "i-0a49f4e647372fbc6",
                            "internal": "false",
                            "listener.#": "1",
                            "listener.3057123346.instance_port": "80",
                            "listener.3057123346.instance_protocol": "http",
                            "listener.3057123346.lb_port": "80",
                            "listener.3057123346.lb_protocol": "http",
                            "listener.3057123346.ssl_certificate_id": "",
                            "name": "webappelb",
                            "security_groups.#": "1",
                            "security_groups.415058214": "sg-0321b8c46f5399ea3",
                            "source_security_group": "228426479489/web_app_elb_sg",
                            "source_security_group_id": "sg-0321b8c46f5399ea3",
                            "subnets.#": "3",
                            "subnets.2325140132": "subnet-4e89bb03",
                            "subnets.71001280": "subnet-892a81e0",
                            "subnets.967919077": "subnet-52ce2228",
                            "tags.%": "0",
                            "zone_id": "ZHURV8PSTC4K8"
                        },
                        "meta": {},
                        "tainted": false
                    },
                    "deposed": [],
                    "provider": "provider.aws"
                },
                "aws_launch_configuration.my_ec2_asg_lc": {
                    "type": "aws_launch_configuration",
                    "depends_on": [
                        "aws_security_group.web_app_sg"
                    ],
                    "primary": {
                        "id": "terraform-20180913155724193900000001",
                        "attributes": {
                            "associate_public_ip_address": "false",
                            "ebs_block_device.#": "0",
                            "ebs_optimized": "false",
                            "enable_monitoring": "true",
                            "ephemeral_block_device.#": "0",
                            "iam_instance_profile": "",
                            "id": "terraform-20180913155724193900000001",
                            "image_id": "ami-e7d6c983",
                            "instance_type": "t2.micro",
                            "key_name": "terra",
                            "name": "terraform-20180913155724193900000001",
                            "root_block_device.#": "0",
                            "security_groups.#": "1",
                            "security_groups.3053346004": "sg-06213e2ea38927025",
                            "spot_price": "",
                            "user_data": "4371e89d1030fd06580ec05112b364e06c265a62",
                            "vpc_classic_link_id": "",
                            "vpc_classic_link_security_groups.#": "0"
                        },
                        "meta": {},
                        "tainted": false
                    },
                    "deposed": [],
                    "provider": "provider.aws"
                },
                "aws_security_group.web_app_elb_sg": {
                    "type": "aws_security_group",
                    "depends_on": [],
                    "primary": {
                        "id": "sg-0321b8c46f5399ea3",
                        "attributes": {
                            "arn": "arn:aws:ec2:eu-west-2:228426479489:security-group/sg-0321b8c46f5399ea3",
                            "description": "Managed by Terraform",
                            "egress.#": "1",
                            "egress.482069346.cidr_blocks.#": "1",
                            "egress.482069346.cidr_blocks.0": "0.0.0.0/0",
                            "egress.482069346.description": "",
                            "egress.482069346.from_port": "0",
                            "egress.482069346.ipv6_cidr_blocks.#": "0",
                            "egress.482069346.prefix_list_ids.#": "0",
                            "egress.482069346.protocol": "-1",
                            "egress.482069346.security_groups.#": "0",
                            "egress.482069346.self": "false",
                            "egress.482069346.to_port": "0",
                            "id": "sg-0321b8c46f5399ea3",
                            "ingress.#": "1",
                            "ingress.2214680975.cidr_blocks.#": "1",
                            "ingress.2214680975.cidr_blocks.0": "0.0.0.0/0",
                            "ingress.2214680975.description": "",
                            "ingress.2214680975.from_port": "80",
                            "ingress.2214680975.ipv6_cidr_blocks.#": "0",
                            "ingress.2214680975.protocol": "tcp",
                            "ingress.2214680975.security_groups.#": "0",
                            "ingress.2214680975.self": "false",
                            "ingress.2214680975.to_port": "80",
                            "name": "web_app_elb_sg",
                            "owner_id": "228426479489",
                            "revoke_rules_on_delete": "false",
                            "tags.%": "0",
                            "vpc_id": "vpc-5b3efd33"
                        },
                        "meta": {
                            "e2bfb730-ecaa-11e6-8f88-34363bc7c4c0": {
                                "create": 600000000000,
                                "delete": 600000000000
                            },
                            "schema_version": "1"
                        },
                        "tainted": false
                    },
                    "deposed": [],
                    "provider": "provider.aws"
                },
                "aws_security_group.web_app_sg": {
                    "type": "aws_security_group",
                    "depends_on": [],
                    "primary": {
                        "id": "sg-06213e2ea38927025",
                        "attributes": {
                            "arn": "arn:aws:ec2:eu-west-2:228426479489:security-group/sg-06213e2ea38927025",
                            "description": "Managed by Terraform",
                            "egress.#": "1",
                            "egress.482069346.cidr_blocks.#": "1",
                            "egress.482069346.cidr_blocks.0": "0.0.0.0/0",
                            "egress.482069346.description": "",
                            "egress.482069346.from_port": "0",
                            "egress.482069346.ipv6_cidr_blocks.#": "0",
                            "egress.482069346.prefix_list_ids.#": "0",
                            "egress.482069346.protocol": "-1",
                            "egress.482069346.security_groups.#": "0",
                            "egress.482069346.self": "false",
                            "egress.482069346.to_port": "0",
                            "id": "sg-06213e2ea38927025",
                            "ingress.#": "2",
                            "ingress.2214680975.cidr_blocks.#": "1",
                            "ingress.2214680975.cidr_blocks.0": "0.0.0.0/0",
                            "ingress.2214680975.description": "",
                            "ingress.2214680975.from_port": "80",
                            "ingress.2214680975.ipv6_cidr_blocks.#": "0",
                            "ingress.2214680975.protocol": "tcp",
                            "ingress.2214680975.security_groups.#": "0",
                            "ingress.2214680975.self": "false",
                            "ingress.2214680975.to_port": "80",
                            "ingress.2541437006.cidr_blocks.#": "1",
                            "ingress.2541437006.cidr_blocks.0": "0.0.0.0/0",
                            "ingress.2541437006.description": "",
                            "ingress.2541437006.from_port": "22",
                            "ingress.2541437006.ipv6_cidr_blocks.#": "0",
                            "ingress.2541437006.protocol": "tcp",
                            "ingress.2541437006.security_groups.#": "0",
                            "ingress.2541437006.self": "false",
                            "ingress.2541437006.to_port": "22",
                            "name": "web_app_sg",
                            "owner_id": "228426479489",
                            "revoke_rules_on_delete": "false",
                            "tags.%": "0",
                            "vpc_id": "vpc-5b3efd33"
                        },
                        "meta": {
                            "e2bfb730-ecaa-11e6-8f88-34363bc7c4c0": {
                                "create": 600000000000,
                                "delete": 600000000000
                            },
                            "schema_version": "1"
                        },
                        "tainted": false
                    },
                    "deposed": [],
                    "provider": "provider.aws"
                },
                "data.aws_availability_zones.all": {
                    "type": "aws_availability_zones",
                    "depends_on": [],
                    "primary": {
                        "id": "2018-09-13 16:00:15.728728 +0000 UTC",
                        "attributes": {
                            "id": "2018-09-13 16:00:15.728728 +0000 UTC",
                            "names.#": "3",
                            "names.0": "eu-west-2a",
                            "names.1": "eu-west-2b",
                            "names.2": "eu-west-2c"
                        },
                        "meta": {},
                        "tainted": false
                    },
                    "deposed": [],
                    "provider": "provider.aws"
                }
            },
            "depends_on": []
        }
    ]
}
