{
    "version": 3,
    "terraform_version": "0.11.7",
    "serial": 5,
    "lineage": "826f9788-e1ac-9ade-ad07-354ec9f176e8",
    "modules": [
        {
            "path": [
                "root"
            ],
            "outputs": {},
            "resources": {
                "data.aws_caller_identity.current": {
                    "type": "aws_caller_identity",
                    "depends_on": [],
                    "primary": {
                        "id": "2019-02-10 18:54:51.732402 +0000 UTC",
                        "attributes": {
                            "account_id": "228426479489",
                            "arn": "arn:aws:iam::228426479489:user/terra",
                            "id": "2019-02-10 18:54:51.732402 +0000 UTC",
                            "user_id": "AIDAJFR3CWOMMJLEWNSPK"
                        },
                        "meta": {},
                        "tainted": false
                    },
                    "deposed": [],
                    "provider": "provider.aws"
                }
            },
            "depends_on": []
        },
        {
            "path": [
                "root",
                "buckets1"
            ],
            "outputs": {},
            "resources": {
                "aws_s3_bucket.bucket": {
                    "type": "aws_s3_bucket",
                    "depends_on": [],
                    "primary": {
                        "id": "testing-gw",
                        "attributes": {
                            "acceleration_status": "",
                            "acl": "public-read",
                            "arn": "arn:aws:s3:::testing-gw",
                            "bucket": "testing-gw",
                            "bucket_domain_name": "testing-gw.s3.amazonaws.com",
                            "bucket_regional_domain_name": "testing-gw.s3.eu-west-2.amazonaws.com",
                            "cors_rule.#": "0",
                            "force_destroy": "false",
                            "hosted_zone_id": "Z3GKZC51ZF0DB4",
                            "id": "testing-gw",
                            "lifecycle_rule.#": "0",
                            "logging.#": "0",
                            "region": "eu-west-2",
                            "replication_configuration.#": "0",
                            "request_payer": "BucketOwner",
                            "server_side_encryption_configuration.#": "0",
                            "tags.%": "0",
                            "versioning.#": "1",
                            "versioning.0.enabled": "true",
                            "versioning.0.mfa_delete": "false",
                            "website.#": "0"
                        },
                        "meta": {},
                        "tainted": false
                    },
                    "deposed": [],
                    "provider": "provider.aws"
                }
            },
            "depends_on": []
        }
    ]
}
